lockfile_version: "1"
generated_at: "2026-09-23T13:36:43.604210+00:00"
apm_version: 0.31.0
dependencies:
  - repo_url: jey3dayo/dotfiles
    name: nvim
    host: github.com
    resolved_commit: eace2d47ac9f97b9fc9c4ead4ecf9b9d99d68c23
    resolved_ref: eace2d47ac9f97b9fc9c4ead4ecf9b9d99d68c23
    version: unknown
    virtual_path: skills/nvim
    is_virtual: true
    package_type: claude_skill
    deployed_files:
      - .agents/skills/nvim
      - .agents/skills/nvim/SKILL.md
      - .agents/skills/nvim/agents/openai.yaml
      - .claude/skills/nvim
      - .claude/skills/nvim/SKILL.md
      - .claude/skills/nvim/agents/openai.yaml
    deployed_file_hashes:
      .agents/skills/nvim/SKILL.md: sha256:177d7df1ed1a33e82130b40c792e59b20d4530fd2ebbcdfb9c854464fcecf07b
      .agents/skills/nvim/agents/openai.yaml: sha256:4849f99308d5bb5c06be4d7f55f6b5323fa0608c4e8e4c37fc85e2886e4d73f3
      .claude/skills/nvim/SKILL.md: sha256:177d7df1ed1a33e82130b40c792e59b20d4530fd2ebbcdfb9c854464fcecf07b
      .claude/skills/nvim/agents/openai.yaml: sha256:4849f99308d5bb5c06be4d7f55f6b5323fa0608c4e8e4c37fc85e2886e4d73f3
    content_hash: sha256:1281998fb4cc4ce2b0e4d998547d4ff401db43dbb5acdc169f54258c0cb4b76f
  - repo_url: jey3dayo/dotfiles
    name: wezterm
    host: github.com
    resolved_commit: eace2d47ac9f97b9fc9c4ead4ecf9b9d99d68c23
    resolved_ref: eace2d47ac9f97b9fc9c4ead4ecf9b9d99d68c23
    version: unknown
    virtual_path: skills/wezterm
    is_virtual: true
    package_type: claude_skill
    deployed_files:
      - .agents/skills/wezterm
      - .agents/skills/wezterm/SKILL.md
      - .claude/skills/wezterm
      - .claude/skills/wezterm/SKILL.md
    deployed_file_hashes:
      .agents/skills/wezterm/SKILL.md: sha256:7166000460229c5df0290fd00b039504bae60d40f9b4ee1fd243729389605ea6
      .claude/skills/wezterm/SKILL.md: sha256:7166000460229c5df0290fd00b039504bae60d40f9b4ee1fd243729389605ea6
    content_hash: sha256:892ad04663382162be28cab061fc7593d37a3e6907888beac1aa25af210b9613
  - repo_url: jey3dayo/dotfiles
    name: zsh
    host: github.com
    resolved_commit: eace2d47ac9f97b9fc9c4ead4ecf9b9d99d68c23
    resolved_ref: eace2d47ac9f97b9fc9c4ead4ecf9b9d99d68c23
    version: unknown
    virtual_path: skills/zsh
    is_virtual: true
    package_type: claude_skill
    deployed_files:
      - .agents/skills/zsh
      - .agents/skills/zsh/SKILL.md
      - .claude/skills/zsh
      - .claude/skills/zsh/SKILL.md
    deployed_file_hashes:
      .agents/skills/zsh/SKILL.md: sha256:bd99eb2b6a03fed68074ba295c8cb3fe1cfe1fc83e21e3e91d98dbf10b24c41a
      .claude/skills/zsh/SKILL.md: sha256:bd99eb2b6a03fed68074ba295c8cb3fe1cfe1fc83e21e3e91d98dbf10b24c41a
    content_hash: sha256:bd07b6694899628a654197695aa98f5ec3da180cae9676e6332b2bedb31d5279
deployments:
  - kind: project-relative
    target: agent-skills
    value: .agents/skills/nvim
    runtime: null
    scope: project
    owners:
      - jey3dayo/dotfiles/skills/nvim
    active_owner: jey3dayo/dotfiles/skills/nvim
    content_hash: null
  - kind: project-relative
    target: agent-skills
    value: .agents/skills/nvim/SKILL.md
    runtime: null
    scope: project
    owners:
      - jey3dayo/dotfiles/skills/nvim
    active_owner: jey3dayo/dotfiles/skills/nvim
    content_hash: sha256:177d7df1ed1a33e82130b40c792e59b20d4530fd2ebbcdfb9c854464fcecf07b
  - kind: project-relative
    target: agent-skills
    value: .agents/skills/nvim/agents/openai.yaml
    runtime: null
    scope: project
    owners:
      - jey3dayo/dotfiles/skills/nvim
    active_owner: jey3dayo/dotfiles/skills/nvim
    content_hash: sha256:4849f99308d5bb5c06be4d7f55f6b5323fa0608c4e8e4c37fc85e2886e4d73f3
  - kind: project-relative
    target: agent-skills
    value: .agents/skills/wezterm
    runtime: null
    scope: project
    owners:
      - jey3dayo/dotfiles/skills/wezterm
    active_owner: jey3dayo/dotfiles/skills/wezterm
    content_hash: null
  - kind: project-relative
    target: agent-skills
    value: .agents/skills/wezterm/SKILL.md
    runtime: null
    scope: project
    owners:
      - jey3dayo/dotfiles/skills/wezterm
    active_owner: jey3dayo/dotfiles/skills/wezterm
    content_hash: sha256:7166000460229c5df0290fd00b039504bae60d40f9b4ee1fd243729389605ea6
  - kind: project-relative
    target: agent-skills
    value: .agents/skills/zsh
    runtime: null
    scope: project
    owners:
      - jey3dayo/dotfiles/skills/zsh
    active_owner: jey3dayo/dotfiles/skills/zsh
    content_hash: null
  - kind: project-relative
    target: agent-skills
    value: .agents/skills/zsh/SKILL.md
    runtime: null
    scope: project
    owners:
      - jey3dayo/dotfiles/skills/zsh
    active_owner: jey3dayo/dotfiles/skills/zsh
    content_hash: sha256:bd99eb2b6a03fed68074ba295c8cb3fe1cfe1fc83e21e3e91d98dbf10b24c41a
  - kind: project-relative
    target: claude
    value: .claude/skills/nvim
    runtime: null
    scope: project
    owners:
      - jey3dayo/dotfiles/skills/nvim
    active_owner: jey3dayo/dotfiles/skills/nvim
    content_hash: null
  - kind: project-relative
    target: claude
    value: .claude/skills/nvim/SKILL.md
    runtime: null
    scope: project
    owners:
      - jey3dayo/dotfiles/skills/nvim
    active_owner: jey3dayo/dotfiles/skills/nvim
    content_hash: sha256:177d7df1ed1a33e82130b40c792e59b20d4530fd2ebbcdfb9c854464fcecf07b
  - kind: project-relative
    target: claude
    value: .claude/skills/nvim/agents/openai.yaml
    runtime: null
    scope: project
    owners:
      - jey3dayo/dotfiles/skills/nvim
    active_owner: jey3dayo/dotfiles/skills/nvim
    content_hash: sha256:4849f99308d5bb5c06be4d7f55f6b5323fa0608c4e8e4c37fc85e2886e4d73f3
  - kind: project-relative
    target: claude
    value: .claude/skills/wezterm
    runtime: null
    scope: project
    owners:
      - jey3dayo/dotfiles/skills/wezterm
    active_owner: jey3dayo/dotfiles/skills/wezterm
    content_hash: null
  - kind: project-relative
    target: claude
    value: .claude/skills/wezterm/SKILL.md
    runtime: null
    scope: project
    owners:
      - jey3dayo/dotfiles/skills/wezterm
    active_owner: jey3dayo/dotfiles/skills/wezterm
    content_hash: sha256:7166000460229c5df0290fd00b039504bae60d40f9b4ee1fd243729389605ea6
  - kind: project-relative
    target: claude
    value: .claude/skills/zsh
    runtime: null
    scope: project
    owners:
      - jey3dayo/dotfiles/skills/zsh
    active_owner: jey3dayo/dotfiles/skills/zsh
    content_hash: null
  - kind: project-relative
    target: claude
    value: .claude/skills/zsh/SKILL.md
    runtime: null
    scope: project
    owners:
      - jey3dayo/dotfiles/skills/zsh
    active_owner: jey3dayo/dotfiles/skills/zsh
    content_hash: sha256:bd99eb2b6a03fed68074ba295c8cb3fe1cfe1fc83e21e3e91d98dbf10b24c41a
