{
  "nodes": {
    "anthropics-claude-code": {
      "flake": false,
      "locked": {
        "lastModified": 1775263316,
        "narHash": "sha256-DNRiSbJR77PjLIMK7BC/LN9A1g7q9NPybnPLxngvh9o=",
        "owner": "anthropics",
        "repo": "claude-code",
        "rev": "b543a256248ce5ff98804b8dfef4cd6247423d98",
        "type": "github"
      },
      "original": {
        "owner": "anthropics",
        "repo": "claude-code",
        "type": "github"
      }
    },
    "benjitaylor-agentation": {
      "flake": false,
      "locked": {
        "lastModified": 1774455813,
        "narHash": "sha256-qddLnszOYdZZrmtSPoFzh5KTL5Z3n+yXl4C7Hcai7w8=",
        "owner": "benjitaylor",
        "repo": "agentation",
        "rev": "7dc5d65378fa901e6eead81d4e2bb62950d49f0b",
        "type": "github"
      },
      "original": {
        "owner": "benjitaylor",
        "repo": "agentation",
        "type": "github"
      }
    },
    "epicenterhq-epicenter": {
      "flake": false,
      "locked": {
        "lastModified": 1775379515,
        "narHash": "sha256-V+f0Y/qYQSVcTeI4uXDg8QDA/OjWT0THP+sJ9xXGZF4=",
        "owner": "EpicenterHQ",
        "repo": "epicenter",
        "rev": "843b5b567dba0705f712b6165193697389e70ec2",
        "type": "github"
      },
      "original": {
        "owner": "EpicenterHQ",
        "repo": "epicenter",
        "type": "github"
      }
    },
    "flake-utils": {
      "inputs": {
        "systems": "systems"
      },
      "locked": {
        "lastModified": 1731533236,
        "narHash": "sha256-l0KFg5HjrsfsO/JpG+r7fRrqm12kzFHyUHqHCVpMMbI=",
        "owner": "numtide",
        "repo": "flake-utils",
        "rev": "11707dc2f618dd54ca8739b309ec4fc024de578b",
        "type": "github"
      },
      "original": {
        "owner": "numtide",
        "repo": "flake-utils",
        "type": "github"
      }
    },
    "gitignore": {
      "inputs": {
        "nixpkgs": [
          "nixpkgs"
        ]
      },
      "locked": {
        "lastModified": 1762808025,
        "narHash": "sha256-XmjITeZNMTQXGhhww6ed/Wacy2KzD6svioyCX7pkUu4=",
        "owner": "hercules-ci",
        "repo": "gitignore.nix",
        "rev": "cb5e3fdca1de58ccbc3ef53de65bd372b48f567c",
        "type": "github"
      },
      "original": {
        "owner": "hercules-ci",
        "repo": "gitignore.nix",
        "type": "github"
      }
    },
    "heyvhuang-ship-faster": {
      "flake": false,
      "locked": {
        "lastModified": 1775335397,
        "narHash": "sha256-6kEulAist9eykc21nv5DDkQ8LV0ghQyIWDlja0illmM=",
        "owner": "Heyvhuang",
        "repo": "ship-faster",
        "rev": "64047d24e0ecb513a5aa879767d95ec7e0e44462",
        "type": "github"
      },
      "original": {
        "owner": "Heyvhuang",
        "repo": "ship-faster",
        "type": "github"
      }
    },
    "home-manager": {
      "inputs": {
        "nixpkgs": [
          "nixpkgs"
        ]
      },
      "locked": {
        "lastModified": 1775360939,
        "narHash": "sha256-XUBlSgUFdvTh6+K5LcI5mJu5F5L8scmJDMRiZM484TM=",
        "owner": "nix-community",
        "repo": "home-manager",
        "rev": "2097a5c82bdc099c6135eae4b111b78124604554",
        "type": "github"
      },
      "original": {
        "owner": "nix-community",
        "repo": "home-manager",
        "type": "github"
      }
    },
    "lum1104-understand-anything": {
      "flake": false,
      "locked": {
        "lastModified": 1775363425,
        "narHash": "sha256-/pOIavtXSCZLuNleot1tQPc5CJlj5ErEIcmx3oIrcCI=",
        "owner": "Lum1104",
        "repo": "Understand-Anything",
        "rev": "bc516739130cedd48aafd06c85d443ea3c6c5d6b",
        "type": "github"
      },
      "original": {
        "owner": "Lum1104",
        "repo": "Understand-Anything",
        "type": "github"
      }
    },
    "millionco-react-doctor": {
      "flake": false,
      "locked": {
        "lastModified": 1774862098,
        "narHash": "sha256-5kR5hST6NhIJeBpdAEruT6qLUp+1ieuOlrldGfun0uc=",
        "owner": "millionco",
        "repo": "react-doctor",
        "rev": "720f42192bf50ba24b25368063221ee3e33ac23c",
        "type": "github"
      },
      "original": {
        "owner": "millionco",
        "repo": "react-doctor",
        "type": "github"
      }
    },
    "nixpkgs": {
      "locked": {
        "lastModified": 1775036866,
        "narHash": "sha256-ZojAnPuCdy657PbTq5V0Y+AHKhZAIwSIT2cb8UgAz/U=",
        "owner": "NixOS",
        "repo": "nixpkgs",
        "rev": "6201e203d09599479a3b3450ed24fa81537ebc4e",
        "type": "github"
      },
      "original": {
        "owner": "NixOS",
        "ref": "nixos-unstable",
        "repo": "nixpkgs",
        "type": "github"
      }
    },
    "nyosegawa-skills": {
      "flake": false,
      "locked": {
        "lastModified": 1774023978,
        "narHash": "sha256-Oj19Fr8JQqz4jykx9akIgau3pIf5hBW7nIL0EJNAMPw=",
        "owner": "nyosegawa",
        "repo": "skills",
        "rev": "081a8e154d44c8230cd6b9f15e2aa444bf0115d5",
        "type": "github"
      },
      "original": {
        "owner": "nyosegawa",
        "repo": "skills",
        "type": "github"
      }
    },
    "obra-superpowers": {
      "flake": false,
      "locked": {
        "lastModified": 1775097276,
        "narHash": "sha256-hGEMwmSojy3cNtUQvB5djExlD39O2dwcnLOMUNaVIHg=",
        "owner": "obra",
        "repo": "superpowers",
        "rev": "b7a8f76985f1e93e75dd2f2a3b424dc731bd9d37",
        "type": "github"
      },
      "original": {
        "owner": "obra",
        "repo": "superpowers",
        "type": "github"
      }
    },
    "openai-codex-plugin-cc": {
      "flake": false,
      "locked": {
        "lastModified": 1774987464,
        "narHash": "sha256-kMPpmUw8Xc6eRTKhZ1hA8VDNshoB8obm8qoNEJZ9aJM=",
        "owner": "openai",
        "repo": "codex-plugin-cc",
        "rev": "8e403f9d4b496b0b0aff50fa3673f889f6a22cb1",
        "type": "github"
      },
      "original": {
        "owner": "openai",
        "repo": "codex-plugin-cc",
        "type": "github"
      }
    },
    "openai-skills": {
      "flake": false,
      "locked": {
        "lastModified": 1774455924,
        "narHash": "sha256-EmLvwcfI0wrlRkEPhC1tpN8NrVuf0+YC+yOhr4IWbmw=",
        "owner": "openai",
        "repo": "skills",
        "rev": "736f600bf6ecbc000c04f1d2710b990899f28903",
        "type": "github"
      },
      "original": {
        "owner": "openai",
        "repo": "skills",
        "type": "github"
      }
    },
    "root": {
      "inputs": {
        "anthropics-claude-code": "anthropics-claude-code",
        "benjitaylor-agentation": "benjitaylor-agentation",
        "epicenterhq-epicenter": "epicenterhq-epicenter",
        "flake-utils": "flake-utils",
        "gitignore": "gitignore",
        "heyvhuang-ship-faster": "heyvhuang-ship-faster",
        "home-manager": "home-manager",
        "lum1104-understand-anything": "lum1104-understand-anything",
        "millionco-react-doctor": "millionco-react-doctor",
        "nixpkgs": "nixpkgs",
        "nyosegawa-skills": "nyosegawa-skills",
        "obra-superpowers": "obra-superpowers",
        "openai-codex-plugin-cc": "openai-codex-plugin-cc",
        "openai-skills": "openai-skills",
        "sawyerhood-dev-browser": "sawyerhood-dev-browser",
        "tokoroten-prompt-review": "tokoroten-prompt-review",
        "trailofbits-agentic-actions-auditor": "trailofbits-agentic-actions-auditor",
        "trailofbits-audit-context-building": "trailofbits-audit-context-building",
        "trailofbits-sharp-edges": "trailofbits-sharp-edges",
        "trailofbits-static-analysis": "trailofbits-static-analysis",
        "trailofbits-supply-chain-risk-auditor": "trailofbits-supply-chain-risk-auditor",
        "ui-ux-pro-max": "ui-ux-pro-max",
        "vercel-agent-browser": "vercel-agent-browser",
        "vercel-agent-skills": "vercel-agent-skills"
      }
    },
    "sawyerhood-dev-browser": {
      "flake": false,
      "locked": {
        "lastModified": 1775245903,
        "narHash": "sha256-iOrNZOnay2TrO01+KZ/l63AdMFrrj3M3oEYIjUIbL9A=",
        "owner": "SawyerHood",
        "repo": "dev-browser",
        "rev": "fc0184b168e0d4a6eb83fb9a78b67b97f41e906a",
        "type": "github"
      },
      "original": {
        "owner": "SawyerHood",
        "repo": "dev-browser",
        "type": "github"
      }
    },
    "systems": {
      "locked": {
        "lastModified": 1681028828,
        "narHash": "sha256-Vy1rq5AaRuLzOxct8nz4T6wlgyUR7zLU309k9mBC768=",
        "owner": "nix-systems",
        "repo": "default",
        "rev": "da67096a3b9bf56a91d16901293e51ba5b49a27e",
        "type": "github"
      },
      "original": {
        "owner": "nix-systems",
        "repo": "default",
        "type": "github"
      }
    },
    "tokoroten-prompt-review": {
      "flake": false,
      "locked": {
        "lastModified": 1773599148,
        "narHash": "sha256-aI/gKHSEDkEzQIbvktpQzBZ1HRGDEk8P7VBZauhPCR0=",
        "owner": "tokoroten",
        "repo": "prompt-review",
        "rev": "597f6601e41cf54a55ab7f18c22efc3466cb5557",
        "type": "github"
      },
      "original": {
        "owner": "tokoroten",
        "repo": "prompt-review",
        "type": "github"
      }
    },
    "trailofbits-agentic-actions-auditor": {
      "flake": false,
      "locked": {
        "lastModified": 1775055010,
        "narHash": "sha256-GtRhjqoLa0tUKXEmJqVRk+sODEHx6FSESV9pPd0o03g=",
        "owner": "trailofbits",
        "repo": "skills",
        "rev": "d7f76b532d1e4c6e7757e04d25c99ab60dd5e32c",
        "type": "github"
      },
      "original": {
        "owner": "trailofbits",
        "repo": "skills",
        "type": "github"
      }
    },
    "trailofbits-audit-context-building": {
      "flake": false,
      "locked": {
        "lastModified": 1775055010,
        "narHash": "sha256-GtRhjqoLa0tUKXEmJqVRk+sODEHx6FSESV9pPd0o03g=",
        "owner": "trailofbits",
        "repo": "skills",
        "rev": "d7f76b532d1e4c6e7757e04d25c99ab60dd5e32c",
        "type": "github"
      },
      "original": {
        "owner": "trailofbits",
        "repo": "skills",
        "type": "github"
      }
    },
    "trailofbits-sharp-edges": {
      "flake": false,
      "locked": {
        "lastModified": 1775055010,
        "narHash": "sha256-GtRhjqoLa0tUKXEmJqVRk+sODEHx6FSESV9pPd0o03g=",
        "owner": "trailofbits",
        "repo": "skills",
        "rev": "d7f76b532d1e4c6e7757e04d25c99ab60dd5e32c",
        "type": "github"
      },
      "original": {
        "owner": "trailofbits",
        "repo": "skills",
        "type": "github"
      }
    },
    "trailofbits-static-analysis": {
      "flake": false,
      "locked": {
        "lastModified": 1775055010,
        "narHash": "sha256-GtRhjqoLa0tUKXEmJqVRk+sODEHx6FSESV9pPd0o03g=",
        "owner": "trailofbits",
        "repo": "skills",
        "rev": "d7f76b532d1e4c6e7757e04d25c99ab60dd5e32c",
        "type": "github"
      },
      "original": {
        "owner": "trailofbits",
        "repo": "skills",
        "type": "github"
      }
    },
    "trailofbits-supply-chain-risk-auditor": {
      "flake": false,
      "locked": {
        "lastModified": 1775055010,
        "narHash": "sha256-GtRhjqoLa0tUKXEmJqVRk+sODEHx6FSESV9pPd0o03g=",
        "owner": "trailofbits",
        "repo": "skills",
        "rev": "d7f76b532d1e4c6e7757e04d25c99ab60dd5e32c",
        "type": "github"
      },
      "original": {
        "owner": "trailofbits",
        "repo": "skills",
        "type": "github"
      }
    },
    "ui-ux-pro-max": {
      "flake": false,
      "locked": {
        "lastModified": 1775192899,
        "narHash": "sha256-tgGnZt6ITH8IDPqglNDC1JCt5ZkVMGcET9IbP0vITjo=",
        "owner": "nextlevelbuilder",
        "repo": "ui-ux-pro-max-skill",
        "rev": "b7e3af80f6e331f6fb456667b82b12cade7c9d35",
        "type": "github"
      },
      "original": {
        "owner": "nextlevelbuilder",
        "repo": "ui-ux-pro-max-skill",
        "type": "github"
      }
    },
    "vercel-agent-browser": {
      "flake": false,
      "locked": {
        "lastModified": 1775398224,
        "narHash": "sha256-L4r3CuKva5HUNsKLT4PbYTM3ik9iTAk04dPvnRkOT1U=",
        "owner": "vercel-labs",
        "repo": "agent-browser",
        "rev": "9f51879012186fbfce338b2adb2c0be0a92c6a68",
        "type": "github"
      },
      "original": {
        "owner": "vercel-labs",
        "repo": "agent-browser",
        "type": "github"
      }
    },
    "vercel-agent-skills": {
      "flake": false,
      "locked": {
        "lastModified": 1775165248,
        "narHash": "sha256-1l6cthflz36+ihVQJ5PVl2GysLl1NBiKNNl8LUg+U28=",
        "owner": "vercel-labs",
        "repo": "agent-skills",
        "rev": "73140fc5b3a214ad3222bcf557b397b3c02d11c1",
        "type": "github"
      },
      "original": {
        "owner": "vercel-labs",
        "repo": "agent-skills",
        "type": "github"
      }
    }
  },
  "root": "root",
  "version": 7
}
