{
  "nodes": {
    "benjitaylor-agentation": {
      "flake": false,
      "locked": {
        "lastModified": 1771187766,
        "narHash": "sha256-jP3XZI0wOE3GAU8TU3EI0jmmPOr7LibxShN/CZ62LGw=",
        "owner": "benjitaylor",
        "repo": "agentation",
        "rev": "b2d967a3887649b02283e86964aab25d24d0296b",
        "type": "github"
      },
      "original": {
        "owner": "benjitaylor",
        "repo": "agentation",
        "type": "github"
      }
    },
    "flake-utils": {
      "inputs": {
        "systems": "systems"
      },
      "locked": {
        "lastModified": 1731533236,
        "narHash": "sha256-l0KFg5HjrsfsO/JpG+r7fRrqm12kzFHyUHqHCVpMMbI=",
        "owner": "numtide",
        "repo": "flake-utils",
        "rev": "11707dc2f618dd54ca8739b309ec4fc024de578b",
        "type": "github"
      },
      "original": {
        "owner": "numtide",
        "repo": "flake-utils",
        "type": "github"
      }
    },
    "gitignore": {
      "inputs": {
        "nixpkgs": [
          "nixpkgs"
        ]
      },
      "locked": {
        "lastModified": 1762808025,
        "narHash": "sha256-XmjITeZNMTQXGhhww6ed/Wacy2KzD6svioyCX7pkUu4=",
        "owner": "hercules-ci",
        "repo": "gitignore.nix",
        "rev": "cb5e3fdca1de58ccbc3ef53de65bd372b48f567c",
        "type": "github"
      },
      "original": {
        "owner": "hercules-ci",
        "repo": "gitignore.nix",
        "type": "github"
      }
    },
    "heyvhuang-ship-faster": {
      "flake": false,
      "locked": {
        "lastModified": 1770508661,
        "narHash": "sha256-Wu8MhCbGSnXjDx9U5vj0aIelZ8zuF+jD4IwUIxGu50Y=",
        "owner": "Heyvhuang",
        "repo": "ship-faster",
        "rev": "af3327c432bb930aa7e0e426c33b493af9e6493b",
        "type": "github"
      },
      "original": {
        "owner": "Heyvhuang",
        "repo": "ship-faster",
        "type": "github"
      }
    },
    "home-manager": {
      "inputs": {
        "nixpkgs": [
          "nixpkgs"
        ]
      },
      "locked": {
        "lastModified": 1771132481,
        "narHash": "sha256-Tc+YqZ/Q1K35vJK4ji4RbLB/qKGcEq6yh7p4CKoZF60=",
        "owner": "nix-community",
        "repo": "home-manager",
        "rev": "1e53254671f36cb7d0e2dcca08730f066d5e69b4",
        "type": "github"
      },
      "original": {
        "owner": "nix-community",
        "repo": "home-manager",
        "type": "github"
      }
    },
    "millionco-react-doctor": {
      "flake": false,
      "locked": {
        "lastModified": 1771465412,
        "narHash": "sha256-SIZWhO3JUF8B1py3AGdLeTr/0ezj+cM4UebfujvZLCQ=",
        "owner": "millionco",
        "repo": "react-doctor",
        "rev": "0299fc40a863eb458606417c83eb41ec514eeaf1",
        "type": "github"
      },
      "original": {
        "owner": "millionco",
        "ref": "main",
        "repo": "react-doctor",
        "type": "github"
      }
    },
    "nixpkgs": {
      "locked": {
        "lastModified": 1771008912,
        "narHash": "sha256-gf2AmWVTs8lEq7z/3ZAsgnZDhWIckkb+ZnAo5RzSxJg=",
        "owner": "NixOS",
        "repo": "nixpkgs",
        "rev": "a82ccc39b39b621151d6732718e3e250109076fa",
        "type": "github"
      },
      "original": {
        "owner": "NixOS",
        "ref": "nixos-unstable",
        "repo": "nixpkgs",
        "type": "github"
      }
    },
    "openai-skills": {
      "flake": false,
      "locked": {
        "lastModified": 1770673087,
        "narHash": "sha256-2xqGpcQyUsWxxjN8p31SSm/NzlvwP59RUmOugRfTfig=",
        "owner": "openai",
        "repo": "skills",
        "rev": "4ab6e0fd99c6667163bc34173e3ed3a3fed75ebc",
        "type": "github"
      },
      "original": {
        "owner": "openai",
        "repo": "skills",
        "type": "github"
      }
    },
    "root": {
      "inputs": {
        "benjitaylor-agentation": "benjitaylor-agentation",
        "flake-utils": "flake-utils",
        "gitignore": "gitignore",
        "heyvhuang-ship-faster": "heyvhuang-ship-faster",
        "home-manager": "home-manager",
        "millionco-react-doctor": "millionco-react-doctor",
        "nixpkgs": "nixpkgs",
        "openai-skills": "openai-skills",
        "ui-ux-pro-max": "ui-ux-pro-max",
        "vercel-agent-browser": "vercel-agent-browser",
        "vercel-agent-skills": "vercel-agent-skills"
      }
    },
    "systems": {
      "locked": {
        "lastModified": 1681028828,
        "narHash": "sha256-Vy1rq5AaRuLzOxct8nz4T6wlgyUR7zLU309k9mBC768=",
        "owner": "nix-systems",
        "repo": "default",
        "rev": "da67096a3b9bf56a91d16901293e51ba5b49a27e",
        "type": "github"
      },
      "original": {
        "owner": "nix-systems",
        "repo": "default",
        "type": "github"
      }
    },
    "ui-ux-pro-max": {
      "flake": false,
      "locked": {
        "lastModified": 1770912693,
        "narHash": "sha256-COfEMrAxQH4zO5v54BJkbyam3Z/0ru/YrauXHj6a2Hk=",
        "owner": "nextlevelbuilder",
        "repo": "ui-ux-pro-max-skill",
        "rev": "6623f12b4058d09618c89cffb2de59a47c45f999",
        "type": "github"
      },
      "original": {
        "owner": "nextlevelbuilder",
        "repo": "ui-ux-pro-max-skill",
        "type": "github"
      }
    },
    "vercel-agent-browser": {
      "flake": false,
      "locked": {
        "lastModified": 1771013197,
        "narHash": "sha256-Xn11Ja58atexoFZVdpo6OPW3PsuKB5P3DuA5EMSbROg=",
        "owner": "vercel-labs",
        "repo": "agent-browser",
        "rev": "9cbb363190bb39c0f5b4149327d0371cd3fb17ec",
        "type": "github"
      },
      "original": {
        "owner": "vercel-labs",
        "repo": "agent-browser",
        "type": "github"
      }
    },
    "vercel-agent-skills": {
      "flake": false,
      "locked": {
        "lastModified": 1769685356,
        "narHash": "sha256-rSfySiCwtEP82tG9La4G7l4bu7W40ICT2qHeqpJArXc=",
        "owner": "vercel-labs",
        "repo": "agent-skills",
        "rev": "e23951b8cad2f4b1e7e176c5731127c1263fe86f",
        "type": "github"
      },
      "original": {
        "owner": "vercel-labs",
        "repo": "agent-skills",
        "type": "github"
      }
    }
  },
  "root": "root",
  "version": 7
}
